# This file is automatically generated by Cargo.
# It is not intended for manual editing.
[[package]]
name = "num-integer"
version = "0.1.44"
source = "registry+https://github.com/rust-lang/crates.io-index"
checksum = "e05b109b1957bc204e4cf9c3cd83b5e48e2dd067760e7b9502ad6b23357d4f50"

[[package]]
name = "regex"
version = "1.4.6"
source = "registry+https://github.com/rust-lang/crates.io-index"
checksum = "775070b94bfead9eb3d811e84e4ab6beed15f0e08b5c22ddcb91732f84c366b4"

[[package]]
name = "rand"
version = "0.8.5"
source = "registry+https://github.com/rust-lang/crates.io-index"
checksum = "140bfa98b8aa97547ef4d4fb9d9f891b3e8d03c5b8e7de7a0554fe8c2a44f40a"

[[package]]
name = "proc-macro2"
version = "1.0.33"
source = "registry+https://github.com/rust-lang/crates.io-index"
checksum = "242b4b0b38b4a89d8f43ed0b0c8308b12e2e7bda13c569882a5d96e3d00b1967"

[[package]]
name = "syn"
version = "1.0.78"
source = "registry+https://github.com/rust-lang/crates.io-index"
checksum = "6a56c4dc302b4a51a914b2cfae28931db66d856bfcb047d90cf001cf8ed30334"

[[package]]
name = "tokio"
version = "1.15.0"
source = "registry+https://github.com/rust-lang/crates.io-index"
checksum = "1cf49d8b49bb39b72fa91416e883db9e6e878ceac62be383e97fc0e56bfb33f5"

[[package]]
name = "serde"
version = "1.0.137"
source = "registry+https://github.com/rust-lang/crates.io-index"
checksum = "c0cf29d1c7d0b200dbf2a697f71b1ee5e6916dd0cd4f22f7a0c99bcfc146df75"

[[package]]
name = "log"
version = "0.4.14"
source = "registry+https://github.com/rust-lang/crates.io-index"
checksum = "b67e71d9b7f10f39bc97d19bc5d0bd760f949f0074e90ea0c15f99a9e9b58b24"

[[package]]
name = "uuid"
version = "0.8.2"
source = "registry+https://github.com/rust-lang/crates.io-index"
checksum = "9db6a0b3bc7f72d405a4139e971bc2450ed8e7ef4f460f550b9d97f99783979c"

[[package]]
name = "reqwest"
version = "0.11.6"
source = "registry+https://github.com/rust-lang/crates.io-index"
checksum = "4b6ec325735595c96d36dc3e65b1833e6ac0702c00eb3a4fe04c5cf145f0d08b"

[[package]]
name = "futures"
version = "0.3.17"
source = "registry+https://github.com/rust-lang/crates.io-index"
checksum = "f01fde1b7c2da60b0648fc6d1c3f6c3b7aae4e39a3e1d1ab2734fe4d0451d55c"

[[package]]
name = "hyper"
version = "0.14.13"
source = "registry+https://github.com/rust-lang/crates.io-index"
checksum = "cf845c6e138e46a01b70387d4de3a2699264429ff9360de74d3d59f14856cc54"

[[package]]
name = "openssl"
version = "0.10.35"
source = "registry+https://github.com/rust-lang/crates.io-index"
checksum = "5bb7744a37601e688da5799b4b745b5090d90b1f6077b26a9030f06e0b35a5c2"

[[package]]
name = "tokio-util"
version = "0.6.10"
source = "registry+https://github.com/rust-lang/crates.io-index"
checksum = "f5d0701a4511a20f6cf40a15227c663e7fb9c2fc5179b49ad8b4a88a22a7d1c3"

[[package]]
name = "tokio-tls"
version = "0.6.2"
source = "registry+https://github.com/rust-lang/crates.io-index"
checksum = "df537a3d7a8fd10bc67f32b16f0e99e16cb1b315d1e142465b5b775f1e186b24"

[[package]]
name = "serde_json"
version = "1.0.70"
dependencies = [
    "itoa 0.4.2 (registry+https://github.com/rust-lang/crates.io-index)",
    "ryu 4.34.0 (registry+https://github.com/rust-lang/crates.io-index)"
]
source = "registry+https://github.com/rust-lang/crates.io-index"
checksum = "9c305d8b7a4459f7cb707f5b76bea0912f13c6b8752d10e81af7d36391c2b5f7"

[[package]]
name = "itoa"
version = "0.4.2"
source = "registry+https://github.com/rust-lang/crates.io-index"
checksum = "e5a2d21cfb52d8a7e92d3aebee45228d5d3b8d981b155d3eaf04ff688c497d29"

[[package]]
name = "ryu"
version = "4.34.0"
source = "registry+https://github.com/rust-lang/crates.io-index"
checksum = "27ce0b9ad6a85e90cfd6c25ba6be8722b0cfcf760c2a14728b749106c7f23e13"

[[package]]
name = "memchr"
version = "2.3.4"
source = "registry+https://github.com/rust-lang/crates.io-index"
checksum = "c485ec818c8a232f85b27714d1a22ab01afab8c5ac0e6a1584e1497d3a0f3e01"
